#MicroXplorer Configuration settings - do not modify
Mcu.Family=STM32F1
NVIC.USART3_IRQn=true\:0\:0\:false\:false\:true\:true\:true
ProjectManager.MainLocation=Src
NVIC.ADC1_2_IRQn=true\:0\:0\:false\:false\:true\:true\:true
RCC.MCOFreq_Value=48000000
PA6.Mode=Full_Duplex_Master
SH.S_TIM4_CH2.ConfNb=1
Dma.ADC1.1.MemDataAlignment=DMA_MDATAALIGN_HALFWORD
NVIC.I2C1_EV_IRQn=true\:0\:0\:false\:false\:true\:true\:true
ProjectManager.KeepUserCode=true
Mcu.UserName=STM32F103C8Tx
SPI1.VirtualType=VM_MASTER
SPI2.VirtualType=VM_MASTER
PB10.Mode=Asynchronous
ADC1.ContinuousConvMode=ENABLE
ADC1.SamplingTime-6\#ChannelRegularConversion=ADC_SAMPLETIME_239CYCLES_5
RCC.PLLCLKFreq_Value=48000000
PC13-TAMPER-RTC.GPIOParameters=GPIO_Label
TIM4.EncoderMode=TIM_ENCODERMODE_TI12
PA12.GPIOParameters=GPIO_PuPd,GPIO_Label
ProjectManager.functionlistsort=1-MX_GPIO_Init-GPIO-false-HAL-true,2-MX_DMA_Init-DMA-false-HAL-true,3-SystemClock_Config-RCC-false-HAL-false,4-MX_I2C1_Init-I2C1-false-HAL-true,5-MX_SPI2_Init-SPI2-false-HAL-true,6-MX_TIM2_Init-TIM2-false-HAL-true,7-MX_TIM3_Init-TIM3-false-HAL-true,8-MX_TIM4_Init-TIM4-false-HAL-true,9-MX_USART3_UART_Init-USART3-false-HAL-true,10-MX_SPI1_Init-SPI1-false-HAL-true,11-MX_ADC1_Init-ADC1-false-HAL-true
PA9.GPIOParameters=GPIO_Label
PA11.GPIOParameters=GPIO_PuPd,GPIO_Label,GPIO_ModeDefaultEXTI
PA3.GPIOParameters=GPIO_Label
RCC.ADCFreqValue=750000
TIM3.Slave_TriggerPolarity=TIM_TRIGGERPOLARITY_FALLING
PB0.GPIO_Label=Yin
PA11.GPIO_PuPd=GPIO_PULLUP
TIM2.Channel-PWM\ Generation2\ CH2=TIM_CHANNEL_2
PB11.Signal=USART3_RX
PB13.Signal=SPI2_SCK
PB15.Signal=SPI2_MOSI
PA2.GPIOParameters=GPIO_Label
PinOutPanel.RotationAngle=0
RCC.SYSCLKSource=RCC_SYSCLKSOURCE_PLLCLK
ProjectManager.StackSize=0x400
PD1-OSC_OUT.Signal=RCC_OSC_OUT
Mcu.IP4=RCC
RCC.FCLKCortexFreq_Value=6000000
Mcu.IP5=SPI1
Mcu.IP2=I2C1
I2C1.IPParameters=I2C_Mode
NVIC.SVCall_IRQn=true\:0\:0\:false\:false\:true\:false\:false
Mcu.IP3=NVIC
PA15.GPIO_Label=SERVO1
Mcu.IP0=ADC1
PA12.Locked=true
Mcu.IP1=DMA
PA12.Signal=GPIO_Input
Mcu.UserConstants=
ADC1.Channel-5\#ChannelRegularConversion=ADC_CHANNEL_8
SH.S_TIM3_CH2.ConfNb=1
SH.SharedAnalog_PA3.0=GPIO_Analog
Dma.ADC1.1.Instance=DMA1_Channel1
Mcu.ThirdPartyNb=0
SPI1.Direction=SPI_DIRECTION_2LINES
RCC.HCLKFreq_Value=6000000
SH.SharedAnalog_PA3.1=ADC1_IN3,IN3
Mcu.IPNb=12
TIM2.IPParameters=Channel-PWM Generation1 CH1,Channel-PWM Generation2 CH2,Channel-PWM Generation3 CH3,Period,Prescaler
ProjectManager.PreviousToolchain=SW4STM32
RCC.APB2TimFreq_Value=6000000
TIM3.Period=63
PB6.Signal=S_TIM4_CH1
Dma.ADC1.1.PeriphDataAlignment=DMA_PDATAALIGN_HALFWORD
SPI1.CalculateBaudRate=3.0 MBits/s
PA8.GPIOParameters=GPIO_Label
Mcu.Pin6=PA1
Mcu.Pin7=PA2
Mcu.Pin8=PA3
VP_TIM3_VS_ControllerModeClock.Mode=Clock Mode
Mcu.Pin9=PA5
RCC.AHBFreq_Value=6000000
SPI2.BaudRatePrescaler=SPI_BAUDRATEPRESCALER_256
Mcu.Pin0=PC13-TAMPER-RTC
Mcu.Pin1=PC14-OSC32_IN
GPIO.groupedBy=Group By Peripherals
Mcu.Pin2=PC15-OSC32_OUT
Mcu.Pin3=PD0-OSC_IN
PA0-WKUP.GPIOParameters=GPIO_Label
Mcu.Pin4=PD1-OSC_OUT
NVIC.EXTI15_10_IRQn=true\:0\:0\:false\:false\:true\:true\:true
Mcu.Pin5=PA0-WKUP
ADC1.Channel-0\#ChannelRegularConversion=ADC_CHANNEL_3
ProjectManager.ProjectBuild=false
NVIC.UsageFault_IRQn=true\:0\:0\:false\:false\:true\:false\:false
NVIC.DebugMonitor_IRQn=true\:0\:0\:false\:false\:true\:false\:false
PA8.Locked=true
Mcu.IP10=TIM4
NVIC.SysTick_IRQn=true\:0\:0\:false\:false\:true\:false\:true
SH.GPXTI12.0=GPIO_EXTI12
RCC.PLLMUL=RCC_PLL_MUL6
Mcu.IP11=USART3
PB12.GPIO_Label=LIMSW2
ProjectManager.FirmwarePackage=STM32Cube FW_F1 V1.8.0
MxDb.Version=DB.5.0.60
ADC1.Channel-6\#ChannelRegularConversion=ADC_CHANNEL_9
PB0.GPIOParameters=GPIO_Label
PA1.GPIOParameters=GPIO_Label
ProjectManager.BackupPrevious=false
PC14-OSC32_IN.Mode=LSE-External-Oscillator
Dma.ADC1.1.RequestParameters=Instance,Direction,PeriphInc,MemInc,PeriphDataAlignment,MemDataAlignment,Mode,Priority
PA14.Mode=Serial_Wire
PB14.Mode=Full_Duplex_Master
Dma.MEMTOMEM.0.Instance=DMA1_Channel2
PB1.GPIO_Label=Zin
NVIC.TIM2_IRQn=true\:0\:0\:false\:false\:true\:true\:true
File.Version=6
Dma.ADC1.1.Priority=DMA_PRIORITY_LOW
SPI2.CalculateBaudRate=23.437 KBits/s
SH.S_TIM4_CH2.0=TIM4_CH2,Encoder_Interface
PB3.GPIOParameters=GPIO_Label
PB7.Signal=S_TIM4_CH2
Dma.ADC1.1.Mode=DMA_CIRCULAR
PA8.Signal=GPIO_Output
NVIC.SPI2_IRQn=true\:0\:0\:false\:false\:true\:true\:true
TIM2.Channel-PWM\ Generation1\ CH1=TIM_CHANNEL_1
SH.SharedAnalog_PB0.0=GPIO_Analog
SH.GPXTI11.ConfNb=1
NVIC.PendSV_IRQn=true\:0\:0\:false\:false\:true\:false\:false
SH.S_TIM3_CH1.0=TIM3_CH1,TriggerSource_TI1FP1
TIM4.Period=65535
NVIC.I2C1_ER_IRQn=true\:0\:0\:false\:false\:true\:true\:true
Dma.RequestsNb=2
ProjectManager.HalAssertFull=false
PB0.Locked=true
ADC1.SamplingTime-0\#ChannelRegularConversion=ADC_SAMPLETIME_239CYCLES_5
ProjectManager.ProjectName=f103_test
RCC.PLLMCOFreq_Value=24000000
VP_TIM3_VS_ControllerModeClock.Signal=TIM3_VS_ControllerModeClock
SH.SharedAnalog_PB0.1=ADC1_IN8,IN8
Mcu.Package=LQFP48
PB9.Signal=I2C1_SDA
TIM2.Prescaler=15
PB1.Signal=SharedAnalog_PB1
PA6.Signal=SPI1_MISO
SPI2.Mode=SPI_MODE_MASTER
SH.GPXTI11.0=GPIO_EXTI11
Dma.ADC1.1.Direction=DMA_PERIPH_TO_MEMORY
Dma.MEMTOMEM.0.PeriphInc=DMA_PINC_ENABLE
PA14.Locked=true
ProjectManager.ToolChainLocation=
PA2.GPIO_Label=TIM2_J0_PWM
VP_SYS_VS_Systick.Signal=SYS_VS_Systick
Dma.ADC1.1.MemInc=DMA_MINC_ENABLE
USART3.IPParameters=VirtualMode
PA15.Signal=GPIO_Output
TIM4.IC1Filter=8
SH.S_TIM4_CH1.0=TIM4_CH1,Encoder_Interface
Dma.Request1=ADC1
RCC.APB1TimFreq_Value=6000000
NVIC.BusFault_IRQn=true\:0\:0\:false\:false\:true\:false\:false
SPI2.Direction=SPI_DIRECTION_2LINES
PB13.Mode=Full_Duplex_Master
SH.SharedAnalog_PB0.ConfNb=2
PA12.GPIO_PuPd=GPIO_PULLDOWN
ADC1.Rank-6\#ChannelRegularConversion=3
Dma.Request0=MEMTOMEM
ProjectManager.CustomerFirmwarePackage=
PB3.Locked=true
PB4.Signal=S_TIM3_CH1
PA3.Signal=SharedAnalog_PA3
PA5.Mode=Full_Duplex_Master
PB3.GPIO_Label=SERVO2
RCC.PLLSourceVirtual=RCC_PLLSOURCE_HSE
PC15-OSC32_OUT.Mode=LSE-External-Oscillator
SH.S_TIM4_CH1.ConfNb=1
Dma.MEMTOMEM.0.MemDataAlignment=DMA_MDATAALIGN_BYTE
ProjectManager.ProjectFileName=f103_test.ioc
ADC1.Rank-0\#ChannelRegularConversion=1
PA7.Mode=Full_Duplex_Master
PD1-OSC_OUT.Mode=HSE-External-Oscillator
PA15.GPIOParameters=GPIO_Label
Mcu.PinsNb=36
Dma.MEMTOMEM.0.Priority=DMA_PRIORITY_LOW
ProjectManager.NoMain=false
SPI1.IPParameters=VirtualType,Mode,Direction,CalculateBaudRate
ADC1.IPParameters=Rank-0\#ChannelRegularConversion,Channel-0\#ChannelRegularConversion,SamplingTime-0\#ChannelRegularConversion,NbrOfConversionFlag,NbrOfConversion,EnableAnalogWatchDog,Rank-5\#ChannelRegularConversion,Channel-5\#ChannelRegularConversion,SamplingTime-5\#ChannelRegularConversion,Rank-6\#ChannelRegularConversion,Channel-6\#ChannelRegularConversion,SamplingTime-6\#ChannelRegularConversion,DiscontinuousConvMode,ContinuousConvMode,master
PA9.GPIO_Label=SERVO2_NSEL
ADC1.DiscontinuousConvMode=DISABLE
PC13-TAMPER-RTC.Signal=GPIO_Output
PA11.GPIO_Label=LIMSW1
ProjectManager.DefaultFWLocation=true
SH.SharedAnalog_PB1.ConfNb=2
TIM4.IC2Filter=8
PD0-OSC_IN.Signal=RCC_OSC_IN
PB12.Locked=true
ProjectManager.DeletePrevious=true
PC14-OSC32_IN.Signal=RCC_OSC32_IN
SH.S_TIM2_CH1_ETR.ConfNb=1
PA12.GPIO_Label=HAND_CTRL_EN_N
RCC.FamilyName=M
PA0-WKUP.GPIO_Label=TIM2_J1_PWM
PA0-WKUP.Signal=S_TIM2_CH1_ETR
RCC.ADCPresc=RCC_ADCPCLK2_DIV8
PA13.Signal=SYS_JTMS-SWDIO
SH.S_TIM2_CH2.0=TIM2_CH2,PWM Generation2 CH2
PA15.Locked=true
PA11.Locked=true
PA8.GPIO_Label=SERVO1_NSEL
PB11.Mode=Asynchronous
NVIC.DMA1_Channel2_IRQn=true\:0\:0\:false\:false\:true\:true\:true
ProjectManager.TargetToolchain=SW4STM32
TIM4.IPParameters=Period,EncoderMode,IC2Polarity,IC1Filter,IC2Filter
I2C1.I2C_Mode=I2C_Fast
PB9.Mode=I2C
PA9.Signal=GPIO_Output
SH.S_TIM2_CH2.ConfNb=1
SH.GPXTI12.ConfNb=1
SPI2.IPParameters=VirtualType,Mode,Direction,CalculateBaudRate,BaudRatePrescaler,DataSize
PC13-TAMPER-RTC.Locked=true
RCC.USBFreq_Value=48000000
PC15-OSC32_OUT.Signal=RCC_OSC32_OUT
PA1.Signal=S_TIM2_CH2
PB1.Locked=true
PD0-OSC_IN.Mode=HSE-External-Oscillator
PB10.Signal=USART3_TX
TIM4.IC2Polarity=TIM_ICPOLARITY_FALLING
PB14.Signal=SPI2_MISO
PA5.Signal=SPI1_SCK
SH.S_TIM3_CH2.0=TIM3_CH2,PWM Generation2 CH2
SH.SharedAnalog_PB1.0=GPIO_Analog
SH.SharedAnalog_PB1.1=ADC1_IN9,IN9
board=custom
ProjectManager.LastFirmware=true
PC13-TAMPER-RTC.GPIO_Label=LD
PB15.Mode=Full_Duplex_Master
ADC1.EnableAnalogWatchDog=false
RCC.VCOOutput2Freq_Value=8000000
RCC.APB2Freq_Value=6000000
MxCube.Version=5.6.1
Mcu.Pin35=VP_TIM3_VS_ControllerModeClock
SH.S_TIM2_CH3.0=TIM2_CH3,PWM Generation3 CH3
SPI1.Mode=SPI_MODE_MASTER
Mcu.Pin30=PB6
PA1.GPIO_Label=TIM2_J2_PWM
VP_SYS_VS_Systick.Mode=SysTick
TIM2.Channel-PWM\ Generation3\ CH3=TIM_CHANNEL_3
Mcu.Pin33=PB9
TIM3.IPParameters=Channel-PWM Generation2 CH2,Period,Slave_TriggerPolarity
Mcu.Pin34=VP_SYS_VS_Systick
Mcu.Pin31=PB7
Mcu.Pin32=PB8
PA9.Locked=true
NVIC.NonMaskableInt_IRQn=true\:0\:0\:false\:false\:true\:false\:false
RCC.AHBCLKDivider=RCC_SYSCLK_DIV8
SH.S_TIM2_CH3.ConfNb=1
Dma.ADC1.1.PeriphInc=DMA_PINC_DISABLE
TIM2.Period=8000
ADC1.NbrOfConversion=3
PA13.Mode=Serial_Wire
ProjectManager.FreePins=false
RCC.IPParameters=ADCFreqValue,ADCPresc,AHBCLKDivider,AHBFreq_Value,APB1Freq_Value,APB1TimFreq_Value,APB2Freq_Value,APB2TimFreq_Value,FCLKCortexFreq_Value,FamilyName,HCLKFreq_Value,MCOFreq_Value,PLLCLKFreq_Value,PLLMCOFreq_Value,PLLMUL,PLLSourceVirtual,SYSCLKFreq_VALUE,SYSCLKSource,TimSysFreq_Value,USBFreq_Value,VCOOutput2Freq_Value
ProjectManager.AskForMigrate=true
Mcu.Name=STM32F103C(8-B)Tx
Mcu.Pin26=PA15
Mcu.Pin27=PB3
PA2.Signal=S_TIM2_CH3
Mcu.Pin24=PA13
ProjectManager.UnderRoot=true
Mcu.Pin25=PA14
Mcu.IP8=TIM2
Mcu.IP9=TIM3
Mcu.Pin28=PB4
Dma.MEMTOMEM.0.PeriphDataAlignment=DMA_PDATAALIGN_BYTE
Mcu.IP6=SPI2
Mcu.Pin29=PB5
Mcu.IP7=SYS
ProjectManager.CoupleFile=true
PB3.Signal=GPIO_Output
RCC.SYSCLKFreq_VALUE=48000000
PB5.Signal=S_TIM3_CH2
Mcu.Pin22=PA11
Mcu.Pin23=PA12
RCC.TimSysFreq_Value=6000000
Mcu.Pin20=PA8
ADC1.master=1
PA3.Locked=true
Mcu.Pin21=PA9
Dma.MEMTOMEM.0.Mode=DMA_NORMAL
NVIC.ForceEnableDMAVector=true
KeepUserPlacement=false
Dma.MEMTOMEM.0.MemInc=DMA_MINC_ENABLE
USART3.VirtualMode=VM_ASYNC
NVIC.MemoryManagement_IRQn=true\:0\:0\:false\:false\:true\:false\:false
PA13.Locked=true
ProjectManager.CompilerOptimize=6
PA11.Signal=GPXTI11
SH.S_TIM2_CH1_ETR.0=TIM2_CH1,PWM Generation1 CH1
PA14.Signal=SYS_JTCK-SWCLK
ProjectManager.HeapSize=0x200
Mcu.Pin15=PB11
NVIC.HardFault_IRQn=true\:0\:0\:false\:false\:true\:false\:false
Mcu.Pin16=PB12
Mcu.Pin13=PB1
Mcu.Pin14=PB10
Mcu.Pin19=PB15
ADC1.SamplingTime-5\#ChannelRegularConversion=ADC_SAMPLETIME_239CYCLES_5
SH.S_TIM3_CH1.ConfNb=1
ProjectManager.ComputerToolchain=false
Mcu.Pin17=PB13
Mcu.Pin18=PB14
NVIC.PriorityGroup=NVIC_PRIORITYGROUP_4
ADC1.NbrOfConversionFlag=1
Mcu.Pin11=PA7
TIM3.Channel-PWM\ Generation2\ CH2=TIM_CHANNEL_2
Mcu.Pin12=PB0
PB8.Mode=I2C
Mcu.Pin10=PA6
SH.SharedAnalog_PA3.ConfNb=2
PB8.Signal=I2C1_SCL
Dma.MEMTOMEM.0.Direction=DMA_MEMORY_TO_MEMORY
Dma.MEMTOMEM.0.RequestParameters=Instance,Direction,PeriphInc,MemInc,PeriphDataAlignment,MemDataAlignment,Mode,Priority
SPI2.DataSize=SPI_DATASIZE_16BIT
NVIC.DMA1_Channel1_IRQn=true\:0\:0\:false\:false\:true\:true\:true
PB12.GPIO_PuPd=GPIO_PULLUP
PA11.GPIO_ModeDefaultEXTI=GPIO_MODE_IT_FALLING
RCC.APB1Freq_Value=6000000
PB0.Signal=SharedAnalog_PB0
ADC1.Rank-5\#ChannelRegularConversion=2
ProjectManager.DeviceId=STM32F103C8Tx
PB12.GPIOParameters=GPIO_PuPd,GPIO_Label
PB12.Signal=GPXTI12
ProjectManager.LibraryCopy=1
PA3.GPIO_Label=Xin
PB1.GPIOParameters=GPIO_Label
PA7.Signal=SPI1_MOSI
